
Microsoft Visual Studio Solution File, Format Version 12.00
# Visual Studio Version 17
VisualStudioVersion = 17.5.33530.505
MinimumVisualStudioVersion = 10.0.40219.1
Project("{9A19103F-16F7-4668-BE54-9A1E7A4F7556}") = "Dd", "Dd.csproj", "{D65F94A8-3D80-4D03-996B-7A3413D963BF}"
EndProject
Global
	GlobalSection(SolutionConfigurationPlatforms) = preSolution
		Debug|Any CPU = Debug|Any CPU
		Release|Any CPU = Release|Any CPU
	EndGlobalSection
	GlobalSection(ProjectConfigurationPlatforms) = postSolution
		{D65F94A8-3D80-4D03-996B-7A3413D963BF}.Debug|Any CPU.ActiveCfg = Debug|Any CPU
		{D65F94A8-3D80-4D03-996B-7A3413D963BF}.Debug|Any CPU.Build.0 = Debug|Any CPU
		{D65F94A8-3D80-4D03-996B-7A3413D963BF}.Release|Any CPU.ActiveCfg = Release|Any CPU
		{D65F94A8-3D80-4D03-996B-7A3413D963BF}.Release|Any CPU.Build.0 = Release|Any CPU
	EndGlobalSection
	GlobalSection(SolutionProperties) = preSolution
		HideSolutionNode = FALSE
	EndGlobalSection
	GlobalSection(ExtensibilityGlobals) = postSolution
		SolutionGuid = {6A684C78-0549-4BC1-B157-8AA817F68A56}
	EndGlobalSection
EndGlobal
